Microsoft Visual Studio Solution File, Format Version 12.00
# Visual Studio Version 17
VisualStudioVersion = 17.5.2.0
MinimumVisualStudioVersion = 10.0.40219.1
Project("{FAE04EC0-301F-11D3-BF4B-00C04F79EFBC}") = "keymacro", "keymacro.csproj", "{98DFDD23-77C5-E397-DAFA-47EEAD88D03F}"
EndProject
Global
	GlobalSection(SolutionConfigurationPlatforms) = preSolution
		Debug|Any CPU = Debug|Any CPU
		Release|Any CPU = Release|Any CPU
	EndGlobalSection
	GlobalSection(ProjectConfigurationPlatforms) = postSolution
		{98DFDD23-77C5-E397-DAFA-47EEAD88D03F}.Debug|Any CPU.ActiveCfg = Debug|Any CPU
		{98DFDD23-77C5-E397-DAFA-47EEAD88D03F}.Debug|Any CPU.Build.0 = Debug|Any CPU
		{98DFDD23-77C5-E397-DAFA-47EEAD88D03F}.Release|Any CPU.ActiveCfg = Release|Any CPU
		{98DFDD23-77C5-E397-DAFA-47EEAD88D03F}.Release|Any CPU.Build.0 = Release|Any CPU
	EndGlobalSection
	GlobalSection(SolutionProperties) = preSolution
		HideSolutionNode = FALSE
	EndGlobalSection
	GlobalSection(ExtensibilityGlobals) = postSolution
		SolutionGuid = {780D0910-7D92-451B-8021-F784A6192EC2}
	EndGlobalSection
EndGlobal
